
Microsoft Visual Studio Solution File, Format Version 12.00
# Visual Studio Version 17
VisualStudioVersion = 17.7.34018.315
MinimumVisualStudioVersion = 10.0.40219.1
Project("{9A19103F-16F7-4668-BE54-9A1E7A4F7556}") = "SLPReportBuilder", "SLPReportBuilder\SLPReportBuilder.csproj", "{E4DAF84A-E2B7-42D6-9895-F4B9356CCAB6}"
EndProject
Project("{9A19103F-16F7-4668-BE54-9A1E7A4F7556}") = "SLPDBLibrary", "SLPDBLibrary\SLPDBLibrary.csproj", "{7F136819-CA0B-4C09-B42D-4C038E2D0FED}"
EndProject
Project("{9A19103F-16F7-4668-BE54-9A1E7A4F7556}") = "SLPReportCreater", "SLPReportCreater\SLPReportCreater.csproj", "{C6212EE8-34F7-4497-8727-346567A86DF7}"
EndProject
Project("{9A19103F-16F7-4668-BE54-9A1E7A4F7556}") = "SLPMailSender", "SLPMailSender\SLPMailSender.csproj", "{DCB88E9E-CE9E-4F8F-9B14-00F818BBE995}"
EndProject
Project("{9A19103F-16F7-4668-BE54-9A1E7A4F7556}") = "SLPHelper", "SLPHelper\SLPHelper.csproj", "{315AACFF-9A01-40D5-B597-AB291C3EB131}"
EndProject
Global
	GlobalSection(SolutionConfigurationPlatforms) = preSolution
		Debug|Any CPU = Debug|Any CPU
		Release|Any CPU = Release|Any CPU
	EndGlobalSection
	GlobalSection(ProjectConfigurationPlatforms) = postSolution
		{E4DAF84A-E2B7-42D6-9895-F4B9356CCAB6}.Debug|Any CPU.ActiveCfg = Debug|Any CPU
		{E4DAF84A-E2B7-42D6-9895-F4B9356CCAB6}.Debug|Any CPU.Build.0 = Debug|Any CPU
		{E4DAF84A-E2B7-42D6-9895-F4B9356CCAB6}.Release|Any CPU.ActiveCfg = Release|Any CPU
		{E4DAF84A-E2B7-42D6-9895-F4B9356CCAB6}.Release|Any CPU.Build.0 = Release|Any CPU
		{7F136819-CA0B-4C09-B42D-4C038E2D0FED}.Debug|Any CPU.ActiveCfg = Debug|Any CPU
		{7F136819-CA0B-4C09-B42D-4C038E2D0FED}.Debug|Any CPU.Build.0 = Debug|Any CPU
		{7F136819-CA0B-4C09-B42D-4C038E2D0FED}.Release|Any CPU.ActiveCfg = Release|Any CPU
		{7F136819-CA0B-4C09-B42D-4C038E2D0FED}.Release|Any CPU.Build.0 = Release|Any CPU
		{C6212EE8-34F7-4497-8727-346567A86DF7}.Debug|Any CPU.ActiveCfg = Debug|Any CPU
		{C6212EE8-34F7-4497-8727-346567A86DF7}.Debug|Any CPU.Build.0 = Debug|Any CPU
		{C6212EE8-34F7-4497-8727-346567A86DF7}.Release|Any CPU.ActiveCfg = Release|Any CPU
		{C6212EE8-34F7-4497-8727-346567A86DF7}.Release|Any CPU.Build.0 = Release|Any CPU
		{DCB88E9E-CE9E-4F8F-9B14-00F818BBE995}.Debug|Any CPU.ActiveCfg = Debug|Any CPU
		{DCB88E9E-CE9E-4F8F-9B14-00F818BBE995}.Debug|Any CPU.Build.0 = Debug|Any CPU
		{DCB88E9E-CE9E-4F8F-9B14-00F818BBE995}.Release|Any CPU.ActiveCfg = Release|Any CPU
		{DCB88E9E-CE9E-4F8F-9B14-00F818BBE995}.Release|Any CPU.Build.0 = Release|Any CPU
		{315AACFF-9A01-40D5-B597-AB291C3EB131}.Debug|Any CPU.ActiveCfg = Debug|Any CPU
		{315AACFF-9A01-40D5-B597-AB291C3EB131}.Debug|Any CPU.Build.0 = Debug|Any CPU
		{315AACFF-9A01-40D5-B597-AB291C3EB131}.Release|Any CPU.ActiveCfg = Release|Any CPU
		{315AACFF-9A01-40D5-B597-AB291C3EB131}.Release|Any CPU.Build.0 = Release|Any CPU
	EndGlobalSection
	GlobalSection(SolutionProperties) = preSolution
		HideSolutionNode = FALSE
	EndGlobalSection
	GlobalSection(ExtensibilityGlobals) = postSolution
		SolutionGuid = {083243D7-5287-46F6-BCA5-B50123A48234}
	EndGlobalSection
EndGlobal
